// !$*UTF8*$!
{
	archiveVersion = 1;
	classes = {
	};
	objectVersion = 77;
	objects = {

/* Begin PBXBuildFile section */
		010EAE7CA74E583E5504C5CF /* Figtree-OFL.txt in Resources */ = {isa = PBXBuildFile; fileRef = 0EB85E914FDAF24118261013 /* Figtree-OFL.txt */; };
		08165EF101103878DD9D1922 /* GoogleService-Info.plist in Resources */ = {isa = PBXBuildFile; fileRef = DFA0C4864C4E68D071A3E3E1 /* GoogleService-Info.plist */; };
		0D64BDEC7E1257CFB8C1A0BD /* NotificationRouter.swift in Sources */ = {isa = PBXBuildFile; fileRef = F1EF49DAB576B55EF2DCD5DD /* NotificationRouter.swift */; };
		0EFF8DAA8068086F9F1A4EC4 /* ReminderStyleView.swift in Sources */ = {isa = PBXBuildFile; fileRef = 992D3AAAD100AE4EBFCBFA41 /* ReminderStyleView.swift */; };
		12203E1D44D1FD626A7FF6CC /* InterviewViews.swift in Sources */ = {isa = PBXBuildFile; fileRef = 8C55F74B507145DEF5BCCB9F /* InterviewViews.swift */; };
		15916B09963465496E88A1FF /* BillCategory.swift in Sources */ = {isa = PBXBuildFile; fileRef = 4D653B3B22406BC54F1F235F /* BillCategory.swift */; };
		1BF35BEC62CBA34E9491D64C /* CaptureExtractView.swift in Sources */ = {isa = PBXBuildFile; fileRef = D9744BD8828BD4119D2EC87F /* CaptureExtractView.swift */; };
		1E24678AEFC6092472C4446E /* OnboardingFlow.swift in Sources */ = {isa = PBXBuildFile; fileRef = 933DFE07AE932F586707E638 /* OnboardingFlow.swift */; };
		23371D1F4E0CDEEF5C103A0F /* InsightsMath.swift in Sources */ = {isa = PBXBuildFile; fileRef = 880CE6FA14E78D37DC9B2C79 /* InsightsMath.swift */; };
		2424357ADAFDA991392B5BC9 /* InsightsView.swift in Sources */ = {isa = PBXBuildFile; fileRef = 2F8141350D969191D98384F2 /* InsightsView.swift */; };
		2724569FD26CFD971ABBB546 /* Baloo2-OFL.txt in Resources */ = {isa = PBXBuildFile; fileRef = AFB59CB04E7AE7B9C1F20E17 /* Baloo2-OFL.txt */; };
		290840CB65F5A8112D7FFD04 /* CategoryPickerSheet.swift in Sources */ = {isa = PBXBuildFile; fileRef = EFB8FDDA1965289582EAB498 /* CategoryPickerSheet.swift */; };
		29FBB6B6C3799C225BF3A1AC /* BillStatusTests.swift in Sources */ = {isa = PBXBuildFile; fileRef = ADF5FBAB28356CDDE316E68A /* BillStatusTests.swift */; };
		2A9870AAD1857D8FB07CACE9 /* ConfettiBurst.swift in Sources */ = {isa = PBXBuildFile; fileRef = 83D10B48F7915788B42436D5 /* ConfettiBurst.swift */; };
		2DDF88E3C66E6F3FD45DFA75 /* Analytics.swift in Sources */ = {isa = PBXBuildFile; fileRef = 9EBE7D358CE9DD7567DEE507 /* Analytics.swift */; };
		30C0567FBE22A4A470816003 /* ReminderSchedulerTests.swift in Sources */ = {isa = PBXBuildFile; fileRef = BE3694F56DE31849A2C2C49A /* ReminderSchedulerTests.swift */; };
		3306C19B21C87B4D1CB6B5BA /* BenTests.swift in Sources */ = {isa = PBXBuildFile; fileRef = 7E4C98855D95537CDA714CA2 /* BenTests.swift */; };
		332B27E45AC2F1C476C88B21 /* DemoScanView.swift in Sources */ = {isa = PBXBuildFile; fileRef = F56833A66BB0AF77CFE00E5C /* DemoScanView.swift */; };
		349AE59B03173ACC3AEBB947 /* ExportSheet.swift in Sources */ = {isa = PBXBuildFile; fileRef = DA72EE4D249FE8E4C433C9B2 /* ExportSheet.swift */; };
		34A9472DB1200218BF595538 /* SetStateView.swift in Sources */ = {isa = PBXBuildFile; fileRef = A7C779C656ACED8336E46F91 /* SetStateView.swift */; };
		353BD8F7E760B44909DD1626 /* ManualEntryView.swift in Sources */ = {isa = PBXBuildFile; fileRef = CBE7532AE49874607299953C /* ManualEntryView.swift */; };
		3A3E7A7F743697AE23A1FB1B /* BillExporter.swift in Sources */ = {isa = PBXBuildFile; fileRef = 2D08A627BA4E9B37CA66FCE6 /* BillExporter.swift */; };
		3D0F58212161D83A3DC41F7A /* PaywallView.swift in Sources */ = {isa = PBXBuildFile; fileRef = 6353B4FB81BB1A738EC61C57 /* PaywallView.swift */; };
		4012B9FFF55B0968337CB919 /* PlaybackViews.swift in Sources */ = {isa = PBXBuildFile; fileRef = 3A8AEFB7E570CCB9CE557BF6 /* PlaybackViews.swift */; };
		46861AD8B860C5160C3B7264 /* BenTheme.swift in Sources */ = {isa = PBXBuildFile; fileRef = 48D4F001318AA2CE3A5FE684 /* BenTheme.swift */; };
		4750C81187E6BDD96304987A /* ReminderOverrideSheet.swift in Sources */ = {isa = PBXBuildFile; fileRef = 89B00220C2C43C3F9F65A140 /* ReminderOverrideSheet.swift */; };
		4AC6D2F813D314B4FD139596 /* Bill.swift in Sources */ = {isa = PBXBuildFile; fileRef = 3BA6AFC020BECE9B79402CCC /* Bill.swift */; };
		4D080D55512EFCB19EBC8F0F /* PaymentDetailsTests.swift in Sources */ = {isa = PBXBuildFile; fileRef = 80B76F4C029AF4124C7FBB17 /* PaymentDetailsTests.swift */; };
		4E0B01485618E49223C9AD65 /* FirebaseAuth in Frameworks */ = {isa = PBXBuildFile; productRef = 1E893B039B4A7A3718F47CFE /* FirebaseAuth */; };
		5552508146210D122E85C13B /* OnboardingV2Components.swift in Sources */ = {isa = PBXBuildFile; fileRef = F76653553158ABD93AA95A68 /* OnboardingV2Components.swift */; };
		5613F23E5A323A873602191A /* InsightsMathTests.swift in Sources */ = {isa = PBXBuildFile; fileRef = ED87CEAFE8744C32F2865013 /* InsightsMathTests.swift */; };
		562C91F66D13F6E04C1C5A42 /* UploadBillView.swift in Sources */ = {isa = PBXBuildFile; fileRef = 1211F816584B17BEC264ACE5 /* UploadBillView.swift */; };
		58B702598516EB1AC8295C3B /* RemindersSection.swift in Sources */ = {isa = PBXBuildFile; fileRef = 77BAD92711038A27600C867B /* RemindersSection.swift */; };
		5A9F0D122828DFCFB76B4CED /* BenApp.swift in Sources */ = {isa = PBXBuildFile; fileRef = F620063485E9C32AEFFFCA9A /* BenApp.swift */; };
		62AB9C900C7A0F9BDD488739 /* OnboardingAnswers.swift in Sources */ = {isa = PBXBuildFile; fileRef = CEE9A19BD02DD5D47FFB3CC0 /* OnboardingAnswers.swift */; };
		6445D6286C3B9BF72F793618 /* AddBillDial.swift in Sources */ = {isa = PBXBuildFile; fileRef = E641C46D03C05D69E76D5A32 /* AddBillDial.swift */; };
		6CF9AFD7C4E657043F50410D /* IntentView.swift in Sources */ = {isa = PBXBuildFile; fileRef = 7DA80A2E4EC074A63F77B8FB /* IntentView.swift */; };
		6E6325C97725B0530643010F /* OnboardingCoordinator.swift in Sources */ = {isa = PBXBuildFile; fileRef = 633D0752B06B1ED76E3AFB27 /* OnboardingCoordinator.swift */; };
		6EBF5D2863D4F4ECC3FBD993 /* BenUITests.swift in Sources */ = {isa = PBXBuildFile; fileRef = 10FE0778C4F862592E060A1C /* BenUITests.swift */; };
		6F4A6BD876F56CE335B34A45 /* ExpectedBills.swift in Sources */ = {isa = PBXBuildFile; fileRef = 687C17C4E27E7CCDB4BC28B0 /* ExpectedBills.swift */; };
		7000A84DFA998DCD5EA766F6 /* SecondBillView.swift in Sources */ = {isa = PBXBuildFile; fileRef = A51D11383F8442B847789DB6 /* SecondBillView.swift */; };
		70FC58F578C03E6C91AEB130 /* SettingsView.swift in Sources */ = {isa = PBXBuildFile; fileRef = 802742BF58D4B5F84095413C /* SettingsView.swift */; };
		7161C1B180F228648AE31197 /* OnboardingAnswersTests.swift in Sources */ = {isa = PBXBuildFile; fileRef = 0134544487EB6E60560B0ECF /* OnboardingAnswersTests.swift */; };
		7AB87A651FE75B1B423E4F0E /* AnalyticsTests.swift in Sources */ = {isa = PBXBuildFile; fileRef = E711747696076530D8DDE297 /* AnalyticsTests.swift */; };
		7DCF512A386BFA840730B2C2 /* EmailInClient.swift in Sources */ = {isa = PBXBuildFile; fileRef = F9AD927BE23BB8218DA4C34C /* EmailInClient.swift */; };
		7F896B8291A920CCBB060D03 /* ContentView.swift in Sources */ = {isa = PBXBuildFile; fileRef = 7A884086B3F417CFBD382BA0 /* ContentView.swift */; };
		7F951AF38A942A27521B9023 /* RecurrenceSheet.swift in Sources */ = {isa = PBXBuildFile; fileRef = EEF659E62E082054FE366596 /* RecurrenceSheet.swift */; };
		800435273F6E6DA4D8C0F3C3 /* ScreenshotTests.swift in Sources */ = {isa = PBXBuildFile; fileRef = F6372B46A46205B936B03CED /* ScreenshotTests.swift */; };
		84F36372710AD65AE4F81D66 /* VisionBillParser.swift in Sources */ = {isa = PBXBuildFile; fileRef = 2841117AF82C3AB361A867C2 /* VisionBillParser.swift */; };
		8998AB67BDF211D4EDF8300A /* OnboardingCopy.swift in Sources */ = {isa = PBXBuildFile; fileRef = F0177A305DBEFBD20C77EC6D /* OnboardingCopy.swift */; };
		8E6EDD43CBD558F9A5024043 /* BillDetailView.swift in Sources */ = {isa = PBXBuildFile; fileRef = 1BD436987B9E9BD9F0777E62 /* BillDetailView.swift */; };
		9212349CAC8481CF08B4FFB8 /* EmailInSheet.swift in Sources */ = {isa = PBXBuildFile; fileRef = C5DC2CDDA13F7E8F7362DDC9 /* EmailInSheet.swift */; };
		9425425482A268F9D66DC440 /* OnboardingModels.swift in Sources */ = {isa = PBXBuildFile; fileRef = CAB845796FD03BDFDDD41226 /* OnboardingModels.swift */; };
		A0A2BCDA34ACE2275B47C4D3 /* PaymentDetails.swift in Sources */ = {isa = PBXBuildFile; fileRef = 9680FB75DCD09A1EF814B503 /* PaymentDetails.swift */; };
		A1BF2CB391D822994EE18DDF /* Figtree-Variable.ttf in Resources */ = {isa = PBXBuildFile; fileRef = 43AF552C6BAC3A2CC56C0173 /* Figtree-Variable.ttf */; };
		A5FECF5DF2FEB2F6BA58AF19 /* SubscriptionTests.swift in Sources */ = {isa = PBXBuildFile; fileRef = 87989AA43748F65C5431A8CE /* SubscriptionTests.swift */; };
		A75B995659576B43C5F1A02E /* AnticipationTests.swift in Sources */ = {isa = PBXBuildFile; fileRef = 24EAF25735D4F80555F66635 /* AnticipationTests.swift */; };
		B221C501C6ABF92D0A8B863E /* PaywallOfferView.swift in Sources */ = {isa = PBXBuildFile; fileRef = 4DD6CA4F6004BDB6C938C7D5 /* PaywallOfferView.swift */; };
		B568E3F6647BA4CD595433A1 /* PaywallJourneyViews.swift in Sources */ = {isa = PBXBuildFile; fileRef = 86163BAE8EDAB64F8C977C72 /* PaywallJourneyViews.swift */; };
		B73D5BF7903077D2126AAA7C /* HomeView.swift in Sources */ = {isa = PBXBuildFile; fileRef = 93C802D7582126B6B88B5F56 /* HomeView.swift */; };
		B77A3042488E55AD145ADA3B /* BillRow.swift in Sources */ = {isa = PBXBuildFile; fileRef = 0CB8CCF1C3B5AC411FD338C2 /* BillRow.swift */; };
		BBAE89294FE1BF7C2E34932F /* FirebaseAccountService.swift in Sources */ = {isa = PBXBuildFile; fileRef = F2F66AAE2BD688E561016374 /* FirebaseAccountService.swift */; };
		BE2374539EE478AA4F5117E3 /* ReminderSetupView.swift in Sources */ = {isa = PBXBuildFile; fileRef = D853ACCC7A4596D8497D055A /* ReminderSetupView.swift */; };
		C6EB0CA3E086923A21F03DF9 /* Assets.xcassets in Resources */ = {isa = PBXBuildFile; fileRef = 2A9BD2482F4FD2847F694570 /* Assets.xcassets */; };
		C7A7DDEA97044AC57BE353FF /* ExporterAndAccountTests.swift in Sources */ = {isa = PBXBuildFile; fileRef = 91935D4887107EA8E6230B41 /* ExporterAndAccountTests.swift */; };
		C83F2969FBB5DDCE18516427 /* Subscription.swift in Sources */ = {isa = PBXBuildFile; fileRef = E9069EEDC762F738D1DD7364 /* Subscription.swift */; };
		CB22D6A85CB9650E9C11348F /* AccountService.swift in Sources */ = {isa = PBXBuildFile; fileRef = CC70CEEDAFCD38BA3E860DE9 /* AccountService.swift */; };
		CEDA3BFF6A57CFF4428C00EC /* ExpectedSection.swift in Sources */ = {isa = PBXBuildFile; fileRef = B92D003D28D1314F30A458E7 /* ExpectedSection.swift */; };
		D57ADCF0997C262F711681B5 /* PaymentDetailsCard.swift in Sources */ = {isa = PBXBuildFile; fileRef = 6D886AF4600BB007A655D13B /* PaymentDetailsCard.swift */; };
		DA60403A82CC67C52C700F96 /* OverdueStyleView.swift in Sources */ = {isa = PBXBuildFile; fileRef = A4535C1B1625A80EB6FE213A /* OverdueStyleView.swift */; };
		DAFCADDE714E9897DD707429 /* BillParsing.swift in Sources */ = {isa = PBXBuildFile; fileRef = 9769B6A1AEB1C0DEBF878E71 /* BillParsing.swift */; };
		DB59B6EDD27A66C09406C892 /* WelcomeView.swift in Sources */ = {isa = PBXBuildFile; fileRef = 9B5538D3C5E135F836B03AB3 /* WelcomeView.swift */; };
		DDF0B27A443760BC4F922D3B /* CommitView.swift in Sources */ = {isa = PBXBuildFile; fileRef = E0051E555BF5838F309FF35D /* CommitView.swift */; };
		E8B177DBC1A4F227A48A5F3C /* ReminderScheduler.swift in Sources */ = {isa = PBXBuildFile; fileRef = A3FE7C86E066B7A77F16EA65 /* ReminderScheduler.swift */; };
		EB27BCBAFB7274AA519D35DB /* ConfirmBillView.swift in Sources */ = {isa = PBXBuildFile; fileRef = 85AAFF1EA8A85A8657AF1413 /* ConfirmBillView.swift */; };
		EB3D74E6A9DEC1DF8D542037 /* AppServices.swift in Sources */ = {isa = PBXBuildFile; fileRef = 64C5EEE4FD3295DC04F51F56 /* AppServices.swift */; };
		F04198C1E1B530F8DCABDEDB /* BenComponents.swift in Sources */ = {isa = PBXBuildFile; fileRef = D5F2CCEE2A9C323E66090979 /* BenComponents.swift */; };
		F1A82F76A2224F6A757539AB /* BillHeuristicsTests.swift in Sources */ = {isa = PBXBuildFile; fileRef = 8A3B26863D9E8B7D3C9F88DA /* BillHeuristicsTests.swift */; };
		F941B8CB6740E474FA7EF6A7 /* AccountSheet.swift in Sources */ = {isa = PBXBuildFile; fileRef = 0B330F481868C852CC1118F7 /* AccountSheet.swift */; };
		FE5C73B74554461B38F1C992 /* Baloo2-Variable.ttf in Resources */ = {isa = PBXBuildFile; fileRef = F536126BA06D59B1DC3B13FA /* Baloo2-Variable.ttf */; };
/* End PBXBuildFile section */

/* Begin PBXContainerItemProxy section */
		140B2E6F79DE4B02BC6AE88A /* PBXContainerItemProxy */ = {
			isa = PBXContainerItemProxy;
			containerPortal = D3F1AF2B0E7BCE65B30FA84A /* Project object */;
			proxyType = 1;
			remoteGlobalIDString = 8A72EDE34CD5048E59B6F88A;
			remoteInfo = Ben;
		};
		E2147FC11A06807F43FF7F4A /* PBXContainerItemProxy */ = {
			isa = PBXContainerItemProxy;
			containerPortal = D3F1AF2B0E7BCE65B30FA84A /* Project object */;
			proxyType = 1;
			remoteGlobalIDString = 8A72EDE34CD5048E59B6F88A;
			remoteInfo = Ben;
		};
/* End PBXContainerItemProxy section */

/* Begin PBXFileReference section */
		0134544487EB6E60560B0ECF /* OnboardingAnswersTests.swift */ = {isa = PBXFileReference; lastKnownFileType = sourcecode.swift; path = OnboardingAnswersTests.swift; sourceTree = "<group>"; };
		0B330F481868C852CC1118F7 /* AccountSheet.swift */ = {isa = PBXFileReference; lastKnownFileType = sourcecode.swift; path = AccountSheet.swift; sourceTree = "<group>"; };
		0CB8CCF1C3B5AC411FD338C2 /* BillRow.swift */ = {isa = PBXFileReference; lastKnownFileType = sourcecode.swift; path = BillRow.swift; sourceTree = "<group>"; };
		0EB85E914FDAF24118261013 /* Figtree-OFL.txt */ = {isa = PBXFileReference; lastKnownFileType = text; path = "Figtree-OFL.txt"; sourceTree = "<group>"; };
		10FE0778C4F862592E060A1C /* BenUITests.swift */ = {isa = PBXFileReference; lastKnownFileType = sourcecode.swift; path = BenUITests.swift; sourceTree = "<group>"; };
		1211F816584B17BEC264ACE5 /* UploadBillView.swift */ = {isa = PBXFileReference; lastKnownFileType = sourcecode.swift; path = UploadBillView.swift; sourceTree = "<group>"; };
		1BD436987B9E9BD9F0777E62 /* BillDetailView.swift */ = {isa = PBXFileReference; lastKnownFileType = sourcecode.swift; path = BillDetailView.swift; sourceTree = "<group>"; };
		24EAF25735D4F80555F66635 /* AnticipationTests.swift */ = {isa = PBXFileReference; lastKnownFileType = sourcecode.swift; path = AnticipationTests.swift; sourceTree = "<group>"; };
		2841117AF82C3AB361A867C2 /* VisionBillParser.swift */ = {isa = PBXFileReference; lastKnownFileType = sourcecode.swift; path = VisionBillParser.swift; sourceTree = "<group>"; };
		2A9BD2482F4FD2847F694570 /* Assets.xcassets */ = {isa = PBXFileReference; lastKnownFileType = folder.assetcatalog; path = Assets.xcassets; sourceTree = "<group>"; };
		2D08A627BA4E9B37CA66FCE6 /* BillExporter.swift */ = {isa = PBXFileReference; lastKnownFileType = sourcecode.swift; path = BillExporter.swift; sourceTree = "<group>"; };
		2F8141350D969191D98384F2 /* InsightsView.swift */ = {isa = PBXFileReference; lastKnownFileType = sourcecode.swift; path = InsightsView.swift; sourceTree = "<group>"; };
		3A8AEFB7E570CCB9CE557BF6 /* PlaybackViews.swift */ = {isa = PBXFileReference; lastKnownFileType = sourcecode.swift; path = PlaybackViews.swift; sourceTree = "<group>"; };
		3BA6AFC020BECE9B79402CCC /* Bill.swift */ = {isa = PBXFileReference; lastKnownFileType = sourcecode.swift; path = Bill.swift; sourceTree = "<group>"; };
		43AF552C6BAC3A2CC56C0173 /* Figtree-Variable.ttf */ = {isa = PBXFileReference; lastKnownFileType = file; path = "Figtree-Variable.ttf"; sourceTree = "<group>"; };
		483D07784F323ACB8F0F4838 /* BenTests.xctest */ = {isa = PBXFileReference; includeInIndex = 0; lastKnownFileType = wrapper.cfbundle; path = BenTests.xctest; sourceTree = BUILT_PRODUCTS_DIR; };
		48D4F001318AA2CE3A5FE684 /* BenTheme.swift */ = {isa = PBXFileReference; lastKnownFileType = sourcecode.swift; path = BenTheme.swift; sourceTree = "<group>"; };
		4D653B3B22406BC54F1F235F /* BillCategory.swift */ = {isa = PBXFileReference; lastKnownFileType = sourcecode.swift; path = BillCategory.swift; sourceTree = "<group>"; };
		4DD6CA4F6004BDB6C938C7D5 /* PaywallOfferView.swift */ = {isa = PBXFileReference; lastKnownFileType = sourcecode.swift; path = PaywallOfferView.swift; sourceTree = "<group>"; };
		50A75E32DF28C87EAF49B530 /* Ben.app */ = {isa = PBXFileReference; includeInIndex = 0; lastKnownFileType = wrapper.application; path = Ben.app; sourceTree = BUILT_PRODUCTS_DIR; };
		633D0752B06B1ED76E3AFB27 /* OnboardingCoordinator.swift */ = {isa = PBXFileReference; lastKnownFileType = sourcecode.swift; path = OnboardingCoordinator.swift; sourceTree = "<group>"; };
		6353B4FB81BB1A738EC61C57 /* PaywallView.swift */ = {isa = PBXFileReference; lastKnownFileType = sourcecode.swift; path = PaywallView.swift; sourceTree = "<group>"; };
		64C5EEE4FD3295DC04F51F56 /* AppServices.swift */ = {isa = PBXFileReference; lastKnownFileType = sourcecode.swift; path = AppServices.swift; sourceTree = "<group>"; };
		687C17C4E27E7CCDB4BC28B0 /* ExpectedBills.swift */ = {isa = PBXFileReference; lastKnownFileType = sourcecode.swift; path = ExpectedBills.swift; sourceTree = "<group>"; };
		6D886AF4600BB007A655D13B /* PaymentDetailsCard.swift */ = {isa = PBXFileReference; lastKnownFileType = sourcecode.swift; path = PaymentDetailsCard.swift; sourceTree = "<group>"; };
		77BAD92711038A27600C867B /* RemindersSection.swift */ = {isa = PBXFileReference; lastKnownFileType = sourcecode.swift; path = RemindersSection.swift; sourceTree = "<group>"; };
		7A884086B3F417CFBD382BA0 /* ContentView.swift */ = {isa = PBXFileReference; lastKnownFileType = sourcecode.swift; path = ContentView.swift; sourceTree = "<group>"; };
		7DA80A2E4EC074A63F77B8FB /* IntentView.swift */ = {isa = PBXFileReference; lastKnownFileType = sourcecode.swift; path = IntentView.swift; sourceTree = "<group>"; };
		7E4C98855D95537CDA714CA2 /* BenTests.swift */ = {isa = PBXFileReference; lastKnownFileType = sourcecode.swift; path = BenTests.swift; sourceTree = "<group>"; };
		7EBCD7F4F8044A5C00421325 /* BenUITests.xctest */ = {isa = PBXFileReference; includeInIndex = 0; lastKnownFileType = wrapper.cfbundle; path = BenUITests.xctest; sourceTree = BUILT_PRODUCTS_DIR; };
		802742BF58D4B5F84095413C /* SettingsView.swift */ = {isa = PBXFileReference; lastKnownFileType = sourcecode.swift; path = SettingsView.swift; sourceTree = "<group>"; };
		80B76F4C029AF4124C7FBB17 /* PaymentDetailsTests.swift */ = {isa = PBXFileReference; lastKnownFileType = sourcecode.swift; path = PaymentDetailsTests.swift; sourceTree = "<group>"; };
		83D10B48F7915788B42436D5 /* ConfettiBurst.swift */ = {isa = PBXFileReference; lastKnownFileType = sourcecode.swift; path = ConfettiBurst.swift; sourceTree = "<group>"; };
		85AAFF1EA8A85A8657AF1413 /* ConfirmBillView.swift */ = {isa = PBXFileReference; lastKnownFileType = sourcecode.swift; path = ConfirmBillView.swift; sourceTree = "<group>"; };
		86163BAE8EDAB64F8C977C72 /* PaywallJourneyViews.swift */ = {isa = PBXFileReference; lastKnownFileType = sourcecode.swift; path = PaywallJourneyViews.swift; sourceTree = "<group>"; };
		87989AA43748F65C5431A8CE /* SubscriptionTests.swift */ = {isa = PBXFileReference; lastKnownFileType = sourcecode.swift; path = SubscriptionTests.swift; sourceTree = "<group>"; };
		880CE6FA14E78D37DC9B2C79 /* InsightsMath.swift */ = {isa = PBXFileReference; lastKnownFileType = sourcecode.swift; path = InsightsMath.swift; sourceTree = "<group>"; };
		89B00220C2C43C3F9F65A140 /* ReminderOverrideSheet.swift */ = {isa = PBXFileReference; lastKnownFileType = sourcecode.swift; path = ReminderOverrideSheet.swift; sourceTree = "<group>"; };
		8A3B26863D9E8B7D3C9F88DA /* BillHeuristicsTests.swift */ = {isa = PBXFileReference; lastKnownFileType = sourcecode.swift; path = BillHeuristicsTests.swift; sourceTree = "<group>"; };
		8C55F74B507145DEF5BCCB9F /* InterviewViews.swift */ = {isa = PBXFileReference; lastKnownFileType = sourcecode.swift; path = InterviewViews.swift; sourceTree = "<group>"; };
		91935D4887107EA8E6230B41 /* ExporterAndAccountTests.swift */ = {isa = PBXFileReference; lastKnownFileType = sourcecode.swift; path = ExporterAndAccountTests.swift; sourceTree = "<group>"; };
		933DFE07AE932F586707E638 /* OnboardingFlow.swift */ = {isa = PBXFileReference; lastKnownFileType = sourcecode.swift; path = OnboardingFlow.swift; sourceTree = "<group>"; };
		93C802D7582126B6B88B5F56 /* HomeView.swift */ = {isa = PBXFileReference; lastKnownFileType = sourcecode.swift; path = HomeView.swift; sourceTree = "<group>"; };
		9680FB75DCD09A1EF814B503 /* PaymentDetails.swift */ = {isa = PBXFileReference; lastKnownFileType = sourcecode.swift; path = PaymentDetails.swift; sourceTree = "<group>"; };
		9769B6A1AEB1C0DEBF878E71 /* BillParsing.swift */ = {isa = PBXFileReference; lastKnownFileType = sourcecode.swift; path = BillParsing.swift; sourceTree = "<group>"; };
		992D3AAAD100AE4EBFCBFA41 /* ReminderStyleView.swift */ = {isa = PBXFileReference; lastKnownFileType = sourcecode.swift; path = ReminderStyleView.swift; sourceTree = "<group>"; };
		9B5538D3C5E135F836B03AB3 /* WelcomeView.swift */ = {isa = PBXFileReference; lastKnownFileType = sourcecode.swift; path = WelcomeView.swift; sourceTree = "<group>"; };
		9EBE7D358CE9DD7567DEE507 /* Analytics.swift */ = {isa = PBXFileReference; lastKnownFileType = sourcecode.swift; path = Analytics.swift; sourceTree = "<group>"; };
		A3FE7C86E066B7A77F16EA65 /* ReminderScheduler.swift */ = {isa = PBXFileReference; lastKnownFileType = sourcecode.swift; path = ReminderScheduler.swift; sourceTree = "<group>"; };
		A4535C1B1625A80EB6FE213A /* OverdueStyleView.swift */ = {isa = PBXFileReference; lastKnownFileType = sourcecode.swift; path = OverdueStyleView.swift; sourceTree = "<group>"; };
		A51D11383F8442B847789DB6 /* SecondBillView.swift */ = {isa = PBXFileReference; lastKnownFileType = sourcecode.swift; path = SecondBillView.swift; sourceTree = "<group>"; };
		A7C779C656ACED8336E46F91 /* SetStateView.swift */ = {isa = PBXFileReference; lastKnownFileType = sourcecode.swift; path = SetStateView.swift; sourceTree = "<group>"; };
		ADF5FBAB28356CDDE316E68A /* BillStatusTests.swift */ = {isa = PBXFileReference; lastKnownFileType = sourcecode.swift; path = BillStatusTests.swift; sourceTree = "<group>"; };
		AFB59CB04E7AE7B9C1F20E17 /* Baloo2-OFL.txt */ = {isa = PBXFileReference; lastKnownFileType = text; path = "Baloo2-OFL.txt"; sourceTree = "<group>"; };
		B92D003D28D1314F30A458E7 /* ExpectedSection.swift */ = {isa = PBXFileReference; lastKnownFileType = sourcecode.swift; path = ExpectedSection.swift; sourceTree = "<group>"; };
		BE3694F56DE31849A2C2C49A /* ReminderSchedulerTests.swift */ = {isa = PBXFileReference; lastKnownFileType = sourcecode.swift; path = ReminderSchedulerTests.swift; sourceTree = "<group>"; };
		C5DC2CDDA13F7E8F7362DDC9 /* EmailInSheet.swift */ = {isa = PBXFileReference; lastKnownFileType = sourcecode.swift; path = EmailInSheet.swift; sourceTree = "<group>"; };
		CAB845796FD03BDFDDD41226 /* OnboardingModels.swift */ = {isa = PBXFileReference; lastKnownFileType = sourcecode.swift; path = OnboardingModels.swift; sourceTree = "<group>"; };
		CBE7532AE49874607299953C /* ManualEntryView.swift */ = {isa = PBXFileReference; lastKnownFileType = sourcecode.swift; path = ManualEntryView.swift; sourceTree = "<group>"; };
		CC70CEEDAFCD38BA3E860DE9 /* AccountService.swift */ = {isa = PBXFileReference; lastKnownFileType = sourcecode.swift; path = AccountService.swift; sourceTree = "<group>"; };
		CEE9A19BD02DD5D47FFB3CC0 /* OnboardingAnswers.swift */ = {isa = PBXFileReference; lastKnownFileType = sourcecode.swift; path = OnboardingAnswers.swift; sourceTree = "<group>"; };
		D1FEB6A681D22FBFC5617414 /* Info.plist */ = {isa = PBXFileReference; lastKnownFileType = text.plist; path = Info.plist; sourceTree = "<group>"; };
		D5F2CCEE2A9C323E66090979 /* BenComponents.swift */ = {isa = PBXFileReference; lastKnownFileType = sourcecode.swift; path = BenComponents.swift; sourceTree = "<group>"; };
		D853ACCC7A4596D8497D055A /* ReminderSetupView.swift */ = {isa = PBXFileReference; lastKnownFileType = sourcecode.swift; path = ReminderSetupView.swift; sourceTree = "<group>"; };
		D9744BD8828BD4119D2EC87F /* CaptureExtractView.swift */ = {isa = PBXFileReference; lastKnownFileType = sourcecode.swift; path = CaptureExtractView.swift; sourceTree = "<group>"; };
		DA72EE4D249FE8E4C433C9B2 /* ExportSheet.swift */ = {isa = PBXFileReference; lastKnownFileType = sourcecode.swift; path = ExportSheet.swift; sourceTree = "<group>"; };
		DFA0C4864C4E68D071A3E3E1 /* GoogleService-Info.plist */ = {isa = PBXFileReference; lastKnownFileType = text.plist; path = "GoogleService-Info.plist"; sourceTree = "<group>"; };
		E0051E555BF5838F309FF35D /* CommitView.swift */ = {isa = PBXFileReference; lastKnownFileType = sourcecode.swift; path = CommitView.swift; sourceTree = "<group>"; };
		E641C46D03C05D69E76D5A32 /* AddBillDial.swift */ = {isa = PBXFileReference; lastKnownFileType = sourcecode.swift; path = AddBillDial.swift; sourceTree = "<group>"; };
		E711747696076530D8DDE297 /* AnalyticsTests.swift */ = {isa = PBXFileReference; lastKnownFileType = sourcecode.swift; path = AnalyticsTests.swift; sourceTree = "<group>"; };
		E9069EEDC762F738D1DD7364 /* Subscription.swift */ = {isa = PBXFileReference; lastKnownFileType = sourcecode.swift; path = Subscription.swift; sourceTree = "<group>"; };
		ED87CEAFE8744C32F2865013 /* InsightsMathTests.swift */ = {isa = PBXFileReference; lastKnownFileType = sourcecode.swift; path = InsightsMathTests.swift; sourceTree = "<group>"; };
		EEF659E62E082054FE366596 /* RecurrenceSheet.swift */ = {isa = PBXFileReference; lastKnownFileType = sourcecode.swift; path = RecurrenceSheet.swift; sourceTree = "<group>"; };
		EFB8FDDA1965289582EAB498 /* CategoryPickerSheet.swift */ = {isa = PBXFileReference; lastKnownFileType = sourcecode.swift; path = CategoryPickerSheet.swift; sourceTree = "<group>"; };
		F0177A305DBEFBD20C77EC6D /* OnboardingCopy.swift */ = {isa = PBXFileReference; lastKnownFileType = sourcecode.swift; path = OnboardingCopy.swift; sourceTree = "<group>"; };
		F1EF49DAB576B55EF2DCD5DD /* NotificationRouter.swift */ = {isa = PBXFileReference; lastKnownFileType = sourcecode.swift; path = NotificationRouter.swift; sourceTree = "<group>"; };
		F2F66AAE2BD688E561016374 /* FirebaseAccountService.swift */ = {isa = PBXFileReference; lastKnownFileType = sourcecode.swift; path = FirebaseAccountService.swift; sourceTree = "<group>"; };
		F536126BA06D59B1DC3B13FA /* Baloo2-Variable.ttf */ = {isa = PBXFileReference; lastKnownFileType = file; path = "Baloo2-Variable.ttf"; sourceTree = "<group>"; };
		F56833A66BB0AF77CFE00E5C /* DemoScanView.swift */ = {isa = PBXFileReference; lastKnownFileType = sourcecode.swift; path = DemoScanView.swift; sourceTree = "<group>"; };
		F620063485E9C32AEFFFCA9A /* BenApp.swift */ = {isa = PBXFileReference; lastKnownFileType = sourcecode.swift; path = BenApp.swift; sourceTree = "<group>"; };
		F6372B46A46205B936B03CED /* ScreenshotTests.swift */ = {isa = PBXFileReference; lastKnownFileType = sourcecode.swift; path = ScreenshotTests.swift; sourceTree = "<group>"; };
		F76653553158ABD93AA95A68 /* OnboardingV2Components.swift */ = {isa = PBXFileReference; lastKnownFileType = sourcecode.swift; path = OnboardingV2Components.swift; sourceTree = "<group>"; };
		F9AD927BE23BB8218DA4C34C /* EmailInClient.swift */ = {isa = PBXFileReference; lastKnownFileType = sourcecode.swift; path = EmailInClient.swift; sourceTree = "<group>"; };
/* End PBXFileReference section */

/* Begin PBXFrameworksBuildPhase section */
		C74D19107A8AA18D24E9A71B /* Frameworks */ = {
			isa = PBXFrameworksBuildPhase;
			buildActionMask = 2147483647;
			files = (
				4E0B01485618E49223C9AD65 /* FirebaseAuth in Frameworks */,
			);
			runOnlyForDeploymentPostprocessing = 0;
		};
/* End PBXFrameworksBuildPhase section */

/* Begin PBXGroup section */
		0A189D815590F1831DFB2971 /* Models */ = {
			isa = PBXGroup;
			children = (
				3BA6AFC020BECE9B79402CCC /* Bill.swift */,
				4D653B3B22406BC54F1F235F /* BillCategory.swift */,
				CEE9A19BD02DD5D47FFB3CC0 /* OnboardingAnswers.swift */,
				F0177A305DBEFBD20C77EC6D /* OnboardingCopy.swift */,
				CAB845796FD03BDFDDD41226 /* OnboardingModels.swift */,
			);
			path = Models;
			sourceTree = "<group>";
		};
		158E7D901E4856F17A23C2E4 /* Products */ = {
			isa = PBXGroup;
			children = (
				50A75E32DF28C87EAF49B530 /* Ben.app */,
				483D07784F323ACB8F0F4838 /* BenTests.xctest */,
				7EBCD7F4F8044A5C00421325 /* BenUITests.xctest */,
			);
			name = Products;
			sourceTree = "<group>";
		};
		1DF6F029037C95B2933EC8D7 /* Ben */ = {
			isa = PBXGroup;
			children = (
				2A9BD2482F4FD2847F694570 /* Assets.xcassets */,
				F620063485E9C32AEFFFCA9A /* BenApp.swift */,
				7A884086B3F417CFBD382BA0 /* ContentView.swift */,
				DFA0C4864C4E68D071A3E3E1 /* GoogleService-Info.plist */,
				D1FEB6A681D22FBFC5617414 /* Info.plist */,
				4933FDDE8FEF95385269C564 /* Home */,
				B91433100B73C4D99FF80C9D /* Insights */,
				0A189D815590F1831DFB2971 /* Models */,
				BB64688B185AC3EE1078140E /* Navigation */,
				F1FFFA422FAC3BF762AF5BFB /* Onboarding */,
				A043F9229D25B89BAD9F50E2 /* Resources */,
				C40324C4FA75F9BF83E65728 /* Services */,
				AEF0DC062619A88512760916 /* Settings */,
				63DD75080B989B7ACFD4CEC8 /* Theme */,
			);
			path = Ben;
			sourceTree = "<group>";
		};
		4933138F62A533F3FB37C7A3 /* BenUITests */ = {
			isa = PBXGroup;
			children = (
				10FE0778C4F862592E060A1C /* BenUITests.swift */,
				F6372B46A46205B936B03CED /* ScreenshotTests.swift */,
			);
			path = BenUITests;
			sourceTree = "<group>";
		};
		4933FDDE8FEF95385269C564 /* Home */ = {
			isa = PBXGroup;
			children = (
				E641C46D03C05D69E76D5A32 /* AddBillDial.swift */,
				1BD436987B9E9BD9F0777E62 /* BillDetailView.swift */,
				0CB8CCF1C3B5AC411FD338C2 /* BillRow.swift */,
				EFB8FDDA1965289582EAB498 /* CategoryPickerSheet.swift */,
				B92D003D28D1314F30A458E7 /* ExpectedSection.swift */,
				93C802D7582126B6B88B5F56 /* HomeView.swift */,
				6D886AF4600BB007A655D13B /* PaymentDetailsCard.swift */,
				EEF659E62E082054FE366596 /* RecurrenceSheet.swift */,
				89B00220C2C43C3F9F65A140 /* ReminderOverrideSheet.swift */,
			);
			path = Home;
			sourceTree = "<group>";
		};
		63DD75080B989B7ACFD4CEC8 /* Theme */ = {
			isa = PBXGroup;
			children = (
				D5F2CCEE2A9C323E66090979 /* BenComponents.swift */,
				48D4F001318AA2CE3A5FE684 /* BenTheme.swift */,
				83D10B48F7915788B42436D5 /* ConfettiBurst.swift */,
			);
			path = Theme;
			sourceTree = "<group>";
		};
		99E1A0B4D9653EF9A2993589 /* Fonts */ = {
			isa = PBXGroup;
			children = (
				AFB59CB04E7AE7B9C1F20E17 /* Baloo2-OFL.txt */,
				F536126BA06D59B1DC3B13FA /* Baloo2-Variable.ttf */,
				0EB85E914FDAF24118261013 /* Figtree-OFL.txt */,
				43AF552C6BAC3A2CC56C0173 /* Figtree-Variable.ttf */,
			);
			path = Fonts;
			sourceTree = "<group>";
		};
		A0193D1AF4C8C9F6CED103DA /* BenTests */ = {
			isa = PBXGroup;
			children = (
				E711747696076530D8DDE297 /* AnalyticsTests.swift */,
				24EAF25735D4F80555F66635 /* AnticipationTests.swift */,
				7E4C98855D95537CDA714CA2 /* BenTests.swift */,
				8A3B26863D9E8B7D3C9F88DA /* BillHeuristicsTests.swift */,
				ADF5FBAB28356CDDE316E68A /* BillStatusTests.swift */,
				91935D4887107EA8E6230B41 /* ExporterAndAccountTests.swift */,
				ED87CEAFE8744C32F2865013 /* InsightsMathTests.swift */,
				0134544487EB6E60560B0ECF /* OnboardingAnswersTests.swift */,
				80B76F4C029AF4124C7FBB17 /* PaymentDetailsTests.swift */,
				BE3694F56DE31849A2C2C49A /* ReminderSchedulerTests.swift */,
				87989AA43748F65C5431A8CE /* SubscriptionTests.swift */,
			);
			path = BenTests;
			sourceTree = "<group>";
		};
		A043F9229D25B89BAD9F50E2 /* Resources */ = {
			isa = PBXGroup;
			children = (
				99E1A0B4D9653EF9A2993589 /* Fonts */,
			);
			path = Resources;
			sourceTree = "<group>";
		};
		AEF0DC062619A88512760916 /* Settings */ = {
			isa = PBXGroup;
			children = (
				0B330F481868C852CC1118F7 /* AccountSheet.swift */,
				C5DC2CDDA13F7E8F7362DDC9 /* EmailInSheet.swift */,
				DA72EE4D249FE8E4C433C9B2 /* ExportSheet.swift */,
				77BAD92711038A27600C867B /* RemindersSection.swift */,
				802742BF58D4B5F84095413C /* SettingsView.swift */,
			);
			path = Settings;
			sourceTree = "<group>";
		};
		B91433100B73C4D99FF80C9D /* Insights */ = {
			isa = PBXGroup;
			children = (
				2F8141350D969191D98384F2 /* InsightsView.swift */,
			);
			path = Insights;
			sourceTree = "<group>";
		};
		BB64688B185AC3EE1078140E /* Navigation */ = {
			isa = PBXGroup;
			children = (
				64C5EEE4FD3295DC04F51F56 /* AppServices.swift */,
				633D0752B06B1ED76E3AFB27 /* OnboardingCoordinator.swift */,
			);
			path = Navigation;
			sourceTree = "<group>";
		};
		C40324C4FA75F9BF83E65728 /* Services */ = {
			isa = PBXGroup;
			children = (
				CC70CEEDAFCD38BA3E860DE9 /* AccountService.swift */,
				9EBE7D358CE9DD7567DEE507 /* Analytics.swift */,
				2D08A627BA4E9B37CA66FCE6 /* BillExporter.swift */,
				9769B6A1AEB1C0DEBF878E71 /* BillParsing.swift */,
				F9AD927BE23BB8218DA4C34C /* EmailInClient.swift */,
				687C17C4E27E7CCDB4BC28B0 /* ExpectedBills.swift */,
				F2F66AAE2BD688E561016374 /* FirebaseAccountService.swift */,
				880CE6FA14E78D37DC9B2C79 /* InsightsMath.swift */,
				F1EF49DAB576B55EF2DCD5DD /* NotificationRouter.swift */,
				9680FB75DCD09A1EF814B503 /* PaymentDetails.swift */,
				A3FE7C86E066B7A77F16EA65 /* ReminderScheduler.swift */,
				E9069EEDC762F738D1DD7364 /* Subscription.swift */,
				2841117AF82C3AB361A867C2 /* VisionBillParser.swift */,
			);
			path = Services;
			sourceTree = "<group>";
		};
		CF8D65C00845EE784B1A1BE8 = {
			isa = PBXGroup;
			children = (
				1DF6F029037C95B2933EC8D7 /* Ben */,
				A0193D1AF4C8C9F6CED103DA /* BenTests */,
				4933138F62A533F3FB37C7A3 /* BenUITests */,
				158E7D901E4856F17A23C2E4 /* Products */,
			);
			sourceTree = "<group>";
		};
		F1FFFA422FAC3BF762AF5BFB /* Onboarding */ = {
			isa = PBXGroup;
			children = (
				D9744BD8828BD4119D2EC87F /* CaptureExtractView.swift */,
				E0051E555BF5838F309FF35D /* CommitView.swift */,
				85AAFF1EA8A85A8657AF1413 /* ConfirmBillView.swift */,
				F56833A66BB0AF77CFE00E5C /* DemoScanView.swift */,
				7DA80A2E4EC074A63F77B8FB /* IntentView.swift */,
				8C55F74B507145DEF5BCCB9F /* InterviewViews.swift */,
				CBE7532AE49874607299953C /* ManualEntryView.swift */,
				933DFE07AE932F586707E638 /* OnboardingFlow.swift */,
				F76653553158ABD93AA95A68 /* OnboardingV2Components.swift */,
				A4535C1B1625A80EB6FE213A /* OverdueStyleView.swift */,
				86163BAE8EDAB64F8C977C72 /* PaywallJourneyViews.swift */,
				4DD6CA4F6004BDB6C938C7D5 /* PaywallOfferView.swift */,
				6353B4FB81BB1A738EC61C57 /* PaywallView.swift */,
				3A8AEFB7E570CCB9CE557BF6 /* PlaybackViews.swift */,
				D853ACCC7A4596D8497D055A /* ReminderSetupView.swift */,
				992D3AAAD100AE4EBFCBFA41 /* ReminderStyleView.swift */,
				A51D11383F8442B847789DB6 /* SecondBillView.swift */,
				A7C779C656ACED8336E46F91 /* SetStateView.swift */,
				1211F816584B17BEC264ACE5 /* UploadBillView.swift */,
				9B5538D3C5E135F836B03AB3 /* WelcomeView.swift */,
			);
			path = Onboarding;
			sourceTree = "<group>";
		};
/* End PBXGroup section */

/* Begin PBXNativeTarget section */
		8A72EDE34CD5048E59B6F88A /* Ben */ = {
			isa = PBXNativeTarget;
			buildConfigurationList = 274B578A90C0995B1EFB9D20 /* Build configuration list for PBXNativeTarget "Ben" */;
			buildPhases = (
				22CD437722A6190564E81B61 /* Sources */,
				DB40E72A3CA0396FB317EB6C /* Resources */,
				C74D19107A8AA18D24E9A71B /* Frameworks */,
			);
			buildRules = (
			);
			dependencies = (
			);
			name = Ben;
			packageProductDependencies = (
				1E893B039B4A7A3718F47CFE /* FirebaseAuth */,
			);
			productName = Ben;
			productReference = 50A75E32DF28C87EAF49B530 /* Ben.app */;
			productType = "com.apple.product-type.application";
		};
		A914CBA982E3E8C1A5375942 /* BenTests */ = {
			isa = PBXNativeTarget;
			buildConfigurationList = 1044142CA58A64790977D6A3 /* Build configuration list for PBXNativeTarget "BenTests" */;
			buildPhases = (
				68077A2EEB41FC47A7D45AA1 /* Sources */,
			);
			buildRules = (
			);
			dependencies = (
				38E5BF2F4D81238C8D5159A9 /* PBXTargetDependency */,
			);
			name = BenTests;
			packageProductDependencies = (
			);
			productName = BenTests;
			productReference = 483D07784F323ACB8F0F4838 /* BenTests.xctest */;
			productType = "com.apple.product-type.bundle.unit-test";
		};
		B526510B8CCDF8704FB5D37D /* BenUITests */ = {
			isa = PBXNativeTarget;
			buildConfigurationList = AD66B98D40E0701D77CEEC97 /* Build configuration list for PBXNativeTarget "BenUITests" */;
			buildPhases = (
				41E0480E61E3BFCB61835C80 /* Sources */,
			);
			buildRules = (
			);
			dependencies = (
				F0CB13E9CC16C30E10C9036E /* PBXTargetDependency */,
			);
			name = BenUITests;
			packageProductDependencies = (
			);
			productName = BenUITests;
			productReference = 7EBCD7F4F8044A5C00421325 /* BenUITests.xctest */;
			productType = "com.apple.product-type.bundle.ui-testing";
		};
/* End PBXNativeTarget section */

/* Begin PBXProject section */
		D3F1AF2B0E7BCE65B30FA84A /* Project object */ = {
			isa = PBXProject;
			attributes = {
				BuildIndependentTargetsInParallel = YES;
				LastUpgradeCheck = 1430;
				TargetAttributes = {
					8A72EDE34CD5048E59B6F88A = {
						DevelopmentTeam = "";
					};
					A914CBA982E3E8C1A5375942 = {
						DevelopmentTeam = "";
					};
					B526510B8CCDF8704FB5D37D = {
						DevelopmentTeam = "";
						TestTargetID = 8A72EDE34CD5048E59B6F88A;
					};
				};
			};
			buildConfigurationList = BBEF894AC868BB0C019A11EF /* Build configuration list for PBXProject "Ben" */;
			developmentRegion = en;
			hasScannedForEncodings = 0;
			knownRegions = (
				Base,
				en,
			);
			mainGroup = CF8D65C00845EE784B1A1BE8;
			minimizedProjectReferenceProxies = 1;
			packageReferences = (
				23CA07F625C76D2FD0560196 /* XCRemoteSwiftPackageReference "firebase-ios-sdk" */,
			);
			preferredProjectObjectVersion = 77;
			productRefGroup = 158E7D901E4856F17A23C2E4 /* Products */;
			projectDirPath = "";
			projectRoot = "";
			targets = (
				8A72EDE34CD5048E59B6F88A /* Ben */,
				A914CBA982E3E8C1A5375942 /* BenTests */,
				B526510B8CCDF8704FB5D37D /* BenUITests */,
			);
		};
/* End PBXProject section */

/* Begin PBXResourcesBuildPhase section */
		DB40E72A3CA0396FB317EB6C /* Resources */ = {
			isa = PBXResourcesBuildPhase;
			buildActionMask = 2147483647;
			files = (
				C6EB0CA3E086923A21F03DF9 /* Assets.xcassets in Resources */,
				2724569FD26CFD971ABBB546 /* Baloo2-OFL.txt in Resources */,
				FE5C73B74554461B38F1C992 /* Baloo2-Variable.ttf in Resources */,
				010EAE7CA74E583E5504C5CF /* Figtree-OFL.txt in Resources */,
				A1BF2CB391D822994EE18DDF /* Figtree-Variable.ttf in Resources */,
				08165EF101103878DD9D1922 /* GoogleService-Info.plist in Resources */,
			);
			runOnlyForDeploymentPostprocessing = 0;
		};
/* End PBXResourcesBuildPhase section */

/* Begin PBXSourcesBuildPhase section */
		22CD437722A6190564E81B61 /* Sources */ = {
			isa = PBXSourcesBuildPhase;
			buildActionMask = 2147483647;
			files = (
				CB22D6A85CB9650E9C11348F /* AccountService.swift in Sources */,
				F941B8CB6740E474FA7EF6A7 /* AccountSheet.swift in Sources */,
				6445D6286C3B9BF72F793618 /* AddBillDial.swift in Sources */,
				2DDF88E3C66E6F3FD45DFA75 /* Analytics.swift in Sources */,
				EB3D74E6A9DEC1DF8D542037 /* AppServices.swift in Sources */,
				5A9F0D122828DFCFB76B4CED /* BenApp.swift in Sources */,
				F04198C1E1B530F8DCABDEDB /* BenComponents.swift in Sources */,
				46861AD8B860C5160C3B7264 /* BenTheme.swift in Sources */,
				4AC6D2F813D314B4FD139596 /* Bill.swift in Sources */,
				15916B09963465496E88A1FF /* BillCategory.swift in Sources */,
				8E6EDD43CBD558F9A5024043 /* BillDetailView.swift in Sources */,
				3A3E7A7F743697AE23A1FB1B /* BillExporter.swift in Sources */,
				DAFCADDE714E9897DD707429 /* BillParsing.swift in Sources */,
				B77A3042488E55AD145ADA3B /* BillRow.swift in Sources */,
				1BF35BEC62CBA34E9491D64C /* CaptureExtractView.swift in Sources */,
				290840CB65F5A8112D7FFD04 /* CategoryPickerSheet.swift in Sources */,
				DDF0B27A443760BC4F922D3B /* CommitView.swift in Sources */,
				2A9870AAD1857D8FB07CACE9 /* ConfettiBurst.swift in Sources */,
				EB27BCBAFB7274AA519D35DB /* ConfirmBillView.swift in Sources */,
				7F896B8291A920CCBB060D03 /* ContentView.swift in Sources */,
				332B27E45AC2F1C476C88B21 /* DemoScanView.swift in Sources */,
				7DCF512A386BFA840730B2C2 /* EmailInClient.swift in Sources */,
				9212349CAC8481CF08B4FFB8 /* EmailInSheet.swift in Sources */,
				6F4A6BD876F56CE335B34A45 /* ExpectedBills.swift in Sources */,
				CEDA3BFF6A57CFF4428C00EC /* ExpectedSection.swift in Sources */,
				349AE59B03173ACC3AEBB947 /* ExportSheet.swift in Sources */,
				BBAE89294FE1BF7C2E34932F /* FirebaseAccountService.swift in Sources */,
				B73D5BF7903077D2126AAA7C /* HomeView.swift in Sources */,
				23371D1F4E0CDEEF5C103A0F /* InsightsMath.swift in Sources */,
				2424357ADAFDA991392B5BC9 /* InsightsView.swift in Sources */,
				6CF9AFD7C4E657043F50410D /* IntentView.swift in Sources */,
				12203E1D44D1FD626A7FF6CC /* InterviewViews.swift in Sources */,
				353BD8F7E760B44909DD1626 /* ManualEntryView.swift in Sources */,
				0D64BDEC7E1257CFB8C1A0BD /* NotificationRouter.swift in Sources */,
				62AB9C900C7A0F9BDD488739 /* OnboardingAnswers.swift in Sources */,
				6E6325C97725B0530643010F /* OnboardingCoordinator.swift in Sources */,
				8998AB67BDF211D4EDF8300A /* OnboardingCopy.swift in Sources */,
				1E24678AEFC6092472C4446E /* OnboardingFlow.swift in Sources */,
				9425425482A268F9D66DC440 /* OnboardingModels.swift in Sources */,
				5552508146210D122E85C13B /* OnboardingV2Components.swift in Sources */,
				DA60403A82CC67C52C700F96 /* OverdueStyleView.swift in Sources */,
				A0A2BCDA34ACE2275B47C4D3 /* PaymentDetails.swift in Sources */,
				D57ADCF0997C262F711681B5 /* PaymentDetailsCard.swift in Sources */,
				B568E3F6647BA4CD595433A1 /* PaywallJourneyViews.swift in Sources */,
				B221C501C6ABF92D0A8B863E /* PaywallOfferView.swift in Sources */,
				3D0F58212161D83A3DC41F7A /* PaywallView.swift in Sources */,
				4012B9FFF55B0968337CB919 /* PlaybackViews.swift in Sources */,
				7F951AF38A942A27521B9023 /* RecurrenceSheet.swift in Sources */,
				4750C81187E6BDD96304987A /* ReminderOverrideSheet.swift in Sources */,
				E8B177DBC1A4F227A48A5F3C /* ReminderScheduler.swift in Sources */,
				BE2374539EE478AA4F5117E3 /* ReminderSetupView.swift in Sources */,
				0EFF8DAA8068086F9F1A4EC4 /* ReminderStyleView.swift in Sources */,
				58B702598516EB1AC8295C3B /* RemindersSection.swift in Sources */,
				7000A84DFA998DCD5EA766F6 /* SecondBillView.swift in Sources */,
				34A9472DB1200218BF595538 /* SetStateView.swift in Sources */,
				70FC58F578C03E6C91AEB130 /* SettingsView.swift in Sources */,
				C83F2969FBB5DDCE18516427 /* Subscription.swift in Sources */,
				562C91F66D13F6E04C1C5A42 /* UploadBillView.swift in Sources */,
				84F36372710AD65AE4F81D66 /* VisionBillParser.swift in Sources */,
				DB59B6EDD27A66C09406C892 /* WelcomeView.swift in Sources */,
			);
			runOnlyForDeploymentPostprocessing = 0;
		};
		41E0480E61E3BFCB61835C80 /* Sources */ = {
			isa = PBXSourcesBuildPhase;
			buildActionMask = 2147483647;
			files = (
				6EBF5D2863D4F4ECC3FBD993 /* BenUITests.swift in Sources */,
				800435273F6E6DA4D8C0F3C3 /* ScreenshotTests.swift in Sources */,
			);
			runOnlyForDeploymentPostprocessing = 0;
		};
		68077A2EEB41FC47A7D45AA1 /* Sources */ = {
			isa = PBXSourcesBuildPhase;
			buildActionMask = 2147483647;
			files = (
				7AB87A651FE75B1B423E4F0E /* AnalyticsTests.swift in Sources */,
				A75B995659576B43C5F1A02E /* AnticipationTests.swift in Sources */,
				3306C19B21C87B4D1CB6B5BA /* BenTests.swift in Sources */,
				F1A82F76A2224F6A757539AB /* BillHeuristicsTests.swift in Sources */,
				29FBB6B6C3799C225BF3A1AC /* BillStatusTests.swift in Sources */,
				C7A7DDEA97044AC57BE353FF /* ExporterAndAccountTests.swift in Sources */,
				5613F23E5A323A873602191A /* InsightsMathTests.swift in Sources */,
				7161C1B180F228648AE31197 /* OnboardingAnswersTests.swift in Sources */,
				4D080D55512EFCB19EBC8F0F /* PaymentDetailsTests.swift in Sources */,
				30C0567FBE22A4A470816003 /* ReminderSchedulerTests.swift in Sources */,
				A5FECF5DF2FEB2F6BA58AF19 /* SubscriptionTests.swift in Sources */,
			);
			runOnlyForDeploymentPostprocessing = 0;
		};
/* End PBXSourcesBuildPhase section */

/* Begin PBXTargetDependency section */
		38E5BF2F4D81238C8D5159A9 /* PBXTargetDependency */ = {
			isa = PBXTargetDependency;
			target = 8A72EDE34CD5048E59B6F88A /* Ben */;
			targetProxy = E2147FC11A06807F43FF7F4A /* PBXContainerItemProxy */;
		};
		F0CB13E9CC16C30E10C9036E /* PBXTargetDependency */ = {
			isa = PBXTargetDependency;
			target = 8A72EDE34CD5048E59B6F88A /* Ben */;
			targetProxy = 140B2E6F79DE4B02BC6AE88A /* PBXContainerItemProxy */;
		};
/* End PBXTargetDependency section */

/* Begin XCBuildConfiguration section */
		3174637F1B79345E5ADE87DA /* Debug */ = {
			isa = XCBuildConfiguration;
			buildSettings = {
				ASSETCATALOG_COMPILER_APPICON_NAME = AppIcon;
				CODE_SIGN_IDENTITY = "iPhone Developer";
				INFOPLIST_FILE = Ben/Info.plist;
				INFOPLIST_KEY_UIUserInterfaceStyle = Automatic;
				LD_RUNPATH_SEARCH_PATHS = (
					"$(inherited)",
					"@executable_path/Frameworks",
				);
				PRODUCT_BUNDLE_IDENTIFIER = com.repertoirestudio.Ben;
				SDKROOT = iphoneos;
				TARGETED_DEVICE_FAMILY = 1;
			};
			name = Debug;
		};
		40158D1F0B646F3474CB31A3 /* Debug */ = {
			isa = XCBuildConfiguration;
			buildSettings = {
				ALWAYS_SEARCH_USER_PATHS = NO;
				CLANG_ANALYZER_NONNULL = YES;
				CLANG_ANALYZER_NUMBER_OBJECT_CONVERSION = YES_AGGRESSIVE;
				CLANG_CXX_LANGUAGE_STANDARD = "gnu++14";
				CLANG_CXX_LIBRARY = "libc++";
				CLANG_ENABLE_MODULES = YES;
				CLANG_ENABLE_OBJC_ARC = YES;
				CLANG_ENABLE_OBJC_WEAK = YES;
				CLANG_WARN_BLOCK_CAPTURE_AUTORELEASING = YES;
				CLANG_WARN_BOOL_CONVERSION = YES;
				CLANG_WARN_COMMA = YES;
				CLANG_WARN_CONSTANT_CONVERSION = YES;
				CLANG_WARN_DEPRECATED_OBJC_IMPLEMENTATIONS = YES;
				CLANG_WARN_DIRECT_OBJC_ISA_USAGE = YES_ERROR;
				CLANG_WARN_DOCUMENTATION_COMMENTS = YES;
				CLANG_WARN_EMPTY_BODY = YES;
				CLANG_WARN_ENUM_CONVERSION = YES;
				CLANG_WARN_INFINITE_RECURSION = YES;
				CLANG_WARN_INT_CONVERSION = YES;
				CLANG_WARN_NON_LITERAL_NULL_CONVERSION = YES;
				CLANG_WARN_OBJC_IMPLICIT_RETAIN_SELF = YES;
				CLANG_WARN_OBJC_LITERAL_CONVERSION = YES;
				CLANG_WARN_OBJC_ROOT_CLASS = YES_ERROR;
				CLANG_WARN_QUOTED_INCLUDE_IN_FRAMEWORK_HEADER = YES;
				CLANG_WARN_RANGE_LOOP_ANALYSIS = YES;
				CLANG_WARN_STRICT_PROTOTYPES = YES;
				CLANG_WARN_SUSPICIOUS_MOVE = YES;
				CLANG_WARN_UNGUARDED_AVAILABILITY = YES_AGGRESSIVE;
				CLANG_WARN_UNREACHABLE_CODE = YES;
				CLANG_WARN__DUPLICATE_METHOD_MATCH = YES;
				COPY_PHASE_STRIP = NO;
				DEBUG_INFORMATION_FORMAT = dwarf;
				DEVELOPMENT_TEAM = "";
				ENABLE_STRICT_OBJC_MSGSEND = YES;
				ENABLE_TESTABILITY = YES;
				GCC_C_LANGUAGE_STANDARD = gnu11;
				GCC_DYNAMIC_NO_PIC = NO;
				GCC_NO_COMMON_BLOCKS = YES;
				GCC_OPTIMIZATION_LEVEL = 0;
				GCC_PREPROCESSOR_DEFINITIONS = (
					"$(inherited)",
					"DEBUG=1",
				);
				GCC_WARN_64_TO_32_BIT_CONVERSION = YES;
				GCC_WARN_ABOUT_RETURN_TYPE = YES_ERROR;
				GCC_WARN_UNDECLARED_SELECTOR = YES;
				GCC_WARN_UNINITIALIZED_AUTOS = YES_AGGRESSIVE;
				GCC_WARN_UNUSED_FUNCTION = YES;
				GCC_WARN_UNUSED_VARIABLE = YES;
				IPHONEOS_DEPLOYMENT_TARGET = 26.0;
				MTL_ENABLE_DEBUG_INFO = INCLUDE_SOURCE;
				MTL_FAST_MATH = YES;
				ONLY_ACTIVE_ARCH = YES;
				PRODUCT_NAME = "$(TARGET_NAME)";
				SDKROOT = iphoneos;
				SWIFT_ACTIVE_COMPILATION_CONDITIONS = DEBUG;
				SWIFT_OPTIMIZATION_LEVEL = "-Onone";
				SWIFT_VERSION = 6.0;
			};
			name = Debug;
		};
		597437BFC2BB9B9FF2FDE4C0 /* Release */ = {
			isa = XCBuildConfiguration;
			buildSettings = {
				BUNDLE_LOADER = "$(TEST_HOST)";
				GENERATE_INFOPLIST_FILE = YES;
				LD_RUNPATH_SEARCH_PATHS = (
					"$(inherited)",
					"@executable_path/Frameworks",
					"@loader_path/Frameworks",
				);
				PRODUCT_BUNDLE_IDENTIFIER = com.repertoirestudio.BenUITests;
				SDKROOT = iphoneos;
				TARGETED_DEVICE_FAMILY = "1,2";
				TEST_TARGET_NAME = Ben;
			};
			name = Release;
		};
		651CA234E6CF4130ADAA9C44 /* Debug */ = {
			isa = XCBuildConfiguration;
			buildSettings = {
				BUNDLE_LOADER = "$(TEST_HOST)";
				GENERATE_INFOPLIST_FILE = YES;
				LD_RUNPATH_SEARCH_PATHS = (
					"$(inherited)",
					"@executable_path/Frameworks",
					"@loader_path/Frameworks",
				);
				PRODUCT_BUNDLE_IDENTIFIER = com.repertoirestudio.BenUITests;
				SDKROOT = iphoneos;
				TARGETED_DEVICE_FAMILY = "1,2";
				TEST_TARGET_NAME = Ben;
			};
			name = Debug;
		};
		6AA9133AA45B0FE031C74B38 /* Release */ = {
			isa = XCBuildConfiguration;
			buildSettings = {
				ALWAYS_SEARCH_USER_PATHS = NO;
				CLANG_ANALYZER_NONNULL = YES;
				CLANG_ANALYZER_NUMBER_OBJECT_CONVERSION = YES_AGGRESSIVE;
				CLANG_CXX_LANGUAGE_STANDARD = "gnu++14";
				CLANG_CXX_LIBRARY = "libc++";
				CLANG_ENABLE_MODULES = YES;
				CLANG_ENABLE_OBJC_ARC = YES;
				CLANG_ENABLE_OBJC_WEAK = YES;
				CLANG_WARN_BLOCK_CAPTURE_AUTORELEASING = YES;
				CLANG_WARN_BOOL_CONVERSION = YES;
				CLANG_WARN_COMMA = YES;
				CLANG_WARN_CONSTANT_CONVERSION = YES;
				CLANG_WARN_DEPRECATED_OBJC_IMPLEMENTATIONS = YES;
				CLANG_WARN_DIRECT_OBJC_ISA_USAGE = YES_ERROR;
				CLANG_WARN_DOCUMENTATION_COMMENTS = YES;
				CLANG_WARN_EMPTY_BODY = YES;
				CLANG_WARN_ENUM_CONVERSION = YES;
				CLANG_WARN_INFINITE_RECURSION = YES;
				CLANG_WARN_INT_CONVERSION = YES;
				CLANG_WARN_NON_LITERAL_NULL_CONVERSION = YES;
				CLANG_WARN_OBJC_IMPLICIT_RETAIN_SELF = YES;
				CLANG_WARN_OBJC_LITERAL_CONVERSION = YES;
				CLANG_WARN_OBJC_ROOT_CLASS = YES_ERROR;
				CLANG_WARN_QUOTED_INCLUDE_IN_FRAMEWORK_HEADER = YES;
				CLANG_WARN_RANGE_LOOP_ANALYSIS = YES;
				CLANG_WARN_STRICT_PROTOTYPES = YES;
				CLANG_WARN_SUSPICIOUS_MOVE = YES;
				CLANG_WARN_UNGUARDED_AVAILABILITY = YES_AGGRESSIVE;
				CLANG_WARN_UNREACHABLE_CODE = YES;
				CLANG_WARN__DUPLICATE_METHOD_MATCH = YES;
				COPY_PHASE_STRIP = NO;
				DEBUG_INFORMATION_FORMAT = "dwarf-with-dsym";
				DEVELOPMENT_TEAM = "";
				ENABLE_NS_ASSERTIONS = NO;
				ENABLE_STRICT_OBJC_MSGSEND = YES;
				GCC_C_LANGUAGE_STANDARD = gnu11;
				GCC_NO_COMMON_BLOCKS = YES;
				GCC_WARN_64_TO_32_BIT_CONVERSION = YES;
				GCC_WARN_ABOUT_RETURN_TYPE = YES_ERROR;
				GCC_WARN_UNDECLARED_SELECTOR = YES;
				GCC_WARN_UNINITIALIZED_AUTOS = YES_AGGRESSIVE;
				GCC_WARN_UNUSED_FUNCTION = YES;
				GCC_WARN_UNUSED_VARIABLE = YES;
				IPHONEOS_DEPLOYMENT_TARGET = 26.0;
				MTL_ENABLE_DEBUG_INFO = NO;
				MTL_FAST_MATH = YES;
				PRODUCT_NAME = "$(TARGET_NAME)";
				SDKROOT = iphoneos;
				SWIFT_COMPILATION_MODE = wholemodule;
				SWIFT_OPTIMIZATION_LEVEL = "-O";
				SWIFT_VERSION = 6.0;
			};
			name = Release;
		};
		6AC7F94C253BB5500F9D891D /* Release */ = {
			isa = XCBuildConfiguration;
			buildSettings = {
				ASSETCATALOG_COMPILER_APPICON_NAME = AppIcon;
				CODE_SIGN_IDENTITY = "iPhone Developer";
				INFOPLIST_FILE = Ben/Info.plist;
				INFOPLIST_KEY_UIUserInterfaceStyle = Automatic;
				LD_RUNPATH_SEARCH_PATHS = (
					"$(inherited)",
					"@executable_path/Frameworks",
				);
				PRODUCT_BUNDLE_IDENTIFIER = com.repertoirestudio.Ben;
				SDKROOT = iphoneos;
				TARGETED_DEVICE_FAMILY = 1;
			};
			name = Release;
		};
		EBB9BA17D67357CF74964466 /* Release */ = {
			isa = XCBuildConfiguration;
			buildSettings = {
				BUNDLE_LOADER = "$(TEST_HOST)";
				GENERATE_INFOPLIST_FILE = YES;
				LD_RUNPATH_SEARCH_PATHS = (
					"$(inherited)",
					"@executable_path/Frameworks",
					"@loader_path/Frameworks",
				);
				PRODUCT_BUNDLE_IDENTIFIER = com.repertoirestudio.BenTests;
				SDKROOT = iphoneos;
				TARGETED_DEVICE_FAMILY = "1,2";
				TEST_HOST = "$(BUILT_PRODUCTS_DIR)/Ben.app/Ben";
			};
			name = Release;
		};
		FFF396E9188448218A95B340 /* Debug */ = {
			isa = XCBuildConfiguration;
			buildSettings = {
				BUNDLE_LOADER = "$(TEST_HOST)";
				GENERATE_INFOPLIST_FILE = YES;
				LD_RUNPATH_SEARCH_PATHS = (
					"$(inherited)",
					"@executable_path/Frameworks",
					"@loader_path/Frameworks",
				);
				PRODUCT_BUNDLE_IDENTIFIER = com.repertoirestudio.BenTests;
				SDKROOT = iphoneos;
				TARGETED_DEVICE_FAMILY = "1,2";
				TEST_HOST = "$(BUILT_PRODUCTS_DIR)/Ben.app/Ben";
			};
			name = Debug;
		};
/* End XCBuildConfiguration section */

/* Begin XCConfigurationList section */
		1044142CA58A64790977D6A3 /* Build configuration list for PBXNativeTarget "BenTests" */ = {
			isa = XCConfigurationList;
			buildConfigurations = (
				FFF396E9188448218A95B340 /* Debug */,
				EBB9BA17D67357CF74964466 /* Release */,
			);
			defaultConfigurationIsVisible = 0;
			defaultConfigurationName = Debug;
		};
		274B578A90C0995B1EFB9D20 /* Build configuration list for PBXNativeTarget "Ben" */ = {
			isa = XCConfigurationList;
			buildConfigurations = (
				3174637F1B79345E5ADE87DA /* Debug */,
				6AC7F94C253BB5500F9D891D /* Release */,
			);
			defaultConfigurationIsVisible = 0;
			defaultConfigurationName = Debug;
		};
		AD66B98D40E0701D77CEEC97 /* Build configuration list for PBXNativeTarget "BenUITests" */ = {
			isa = XCConfigurationList;
			buildConfigurations = (
				651CA234E6CF4130ADAA9C44 /* Debug */,
				597437BFC2BB9B9FF2FDE4C0 /* Release */,
			);
			defaultConfigurationIsVisible = 0;
			defaultConfigurationName = Debug;
		};
		BBEF894AC868BB0C019A11EF /* Build configuration list for PBXProject "Ben" */ = {
			isa = XCConfigurationList;
			buildConfigurations = (
				40158D1F0B646F3474CB31A3 /* Debug */,
				6AA9133AA45B0FE031C74B38 /* Release */,
			);
			defaultConfigurationIsVisible = 0;
			defaultConfigurationName = Debug;
		};
/* End XCConfigurationList section */

/* Begin XCRemoteSwiftPackageReference section */
		23CA07F625C76D2FD0560196 /* XCRemoteSwiftPackageReference "firebase-ios-sdk" */ = {
			isa = XCRemoteSwiftPackageReference;
			repositoryURL = "https://github.com/firebase/firebase-ios-sdk";
			requirement = {
				kind = upToNextMajorVersion;
				minimumVersion = 12.16.0;
			};
		};
/* End XCRemoteSwiftPackageReference section */

/* Begin XCSwiftPackageProductDependency section */
		1E893B039B4A7A3718F47CFE /* FirebaseAuth */ = {
			isa = XCSwiftPackageProductDependency;
			package = 23CA07F625C76D2FD0560196 /* XCRemoteSwiftPackageReference "firebase-ios-sdk" */;
			productName = FirebaseAuth;
		};
/* End XCSwiftPackageProductDependency section */
	};
	rootObject = D3F1AF2B0E7BCE65B30FA84A /* Project object */;
}
